
Microsoft Visual Studio Solution File, Format Version 12.00
# Visual Studio 15
VisualStudioVersion = 15.0.27428.2037
MinimumVisualStudioVersion = 10.0.40219.1
Project("{FAE04EC0-301F-11D3-BF4B-00C04F79EFBC}") = "ADPasswordAgent", "ADPasswordAgent\ADPasswordAgent.csproj", "{121AD7A7-924D-4210-8A3B-8867442FF0EE}"
EndProject
Project("{8BC9CEB8-8B4A-11D0-8D11-00A0C91BC942}") = "ADPasswordFilter", "ADPasswordFilter\ADPasswordFilter.vcxproj", "{C45751F5-8A4F-4B65-B5E6-C01ECB2C9696}"
EndProject
Project("{930C7802-8A8C-48F9-8165-68863BCCD9DD}") = "Installer", "Installer\Installer.wixproj", "{04A6ABFF-5103-433C-B2D9-D3CF78945D73}"
EndProject
Global
	GlobalSection(SolutionConfigurationPlatforms) = preSolution
		Debug|Any CPU = Debug|Any CPU
		Debug|x64 = Debug|x64
		Debug|x86 = Debug|x86
		Release|Any CPU = Release|Any CPU
		Release|x64 = Release|x64
		Release|x86 = Release|x86
	EndGlobalSection
	GlobalSection(ProjectConfigurationPlatforms) = postSolution
		{121AD7A7-924D-4210-8A3B-8867442FF0EE}.Debug|Any CPU.ActiveCfg = Debug|Any CPU
		{121AD7A7-924D-4210-8A3B-8867442FF0EE}.Debug|Any CPU.Build.0 = Debug|Any CPU
		{121AD7A7-924D-4210-8A3B-8867442FF0EE}.Debug|x64.ActiveCfg = Debug|Any CPU
		{121AD7A7-924D-4210-8A3B-8867442FF0EE}.Debug|x64.Build.0 = Debug|Any CPU
		{121AD7A7-924D-4210-8A3B-8867442FF0EE}.Debug|x86.ActiveCfg = Debug|Any CPU
		{121AD7A7-924D-4210-8A3B-8867442FF0EE}.Debug|x86.Build.0 = Debug|Any CPU
		{121AD7A7-924D-4210-8A3B-8867442FF0EE}.Release|Any CPU.ActiveCfg = Release|Any CPU
		{121AD7A7-924D-4210-8A3B-8867442FF0EE}.Release|Any CPU.Build.0 = Release|Any CPU
		{121AD7A7-924D-4210-8A3B-8867442FF0EE}.Release|x64.ActiveCfg = Release|x64
		{121AD7A7-924D-4210-8A3B-8867442FF0EE}.Release|x64.Build.0 = Release|x64
		{121AD7A7-924D-4210-8A3B-8867442FF0EE}.Release|x86.ActiveCfg = Release|Any CPU
		{121AD7A7-924D-4210-8A3B-8867442FF0EE}.Release|x86.Build.0 = Release|Any CPU
		{C45751F5-8A4F-4B65-B5E6-C01ECB2C9696}.Debug|Any CPU.ActiveCfg = Debug|Win32
		{C45751F5-8A4F-4B65-B5E6-C01ECB2C9696}.Debug|x64.ActiveCfg = Debug|x64
		{C45751F5-8A4F-4B65-B5E6-C01ECB2C9696}.Debug|x64.Build.0 = Debug|x64
		{C45751F5-8A4F-4B65-B5E6-C01ECB2C9696}.Debug|x86.ActiveCfg = Debug|Win32
		{C45751F5-8A4F-4B65-B5E6-C01ECB2C9696}.Debug|x86.Build.0 = Debug|Win32
		{C45751F5-8A4F-4B65-B5E6-C01ECB2C9696}.Release|Any CPU.ActiveCfg = Release|Win32
		{C45751F5-8A4F-4B65-B5E6-C01ECB2C9696}.Release|x64.ActiveCfg = Release|x64
		{C45751F5-8A4F-4B65-B5E6-C01ECB2C9696}.Release|x64.Build.0 = Release|x64
		{C45751F5-8A4F-4B65-B5E6-C01ECB2C9696}.Release|x86.ActiveCfg = Release|Win32
		{C45751F5-8A4F-4B65-B5E6-C01ECB2C9696}.Release|x86.Build.0 = Release|Win32
		{04A6ABFF-5103-433C-B2D9-D3CF78945D73}.Debug|Any CPU.ActiveCfg = Debug|x86
		{04A6ABFF-5103-433C-B2D9-D3CF78945D73}.Debug|x64.ActiveCfg = Debug|x86
		{04A6ABFF-5103-433C-B2D9-D3CF78945D73}.Debug|x86.ActiveCfg = Debug|x86
		{04A6ABFF-5103-433C-B2D9-D3CF78945D73}.Debug|x86.Build.0 = Debug|x86
		{04A6ABFF-5103-433C-B2D9-D3CF78945D73}.Release|Any CPU.ActiveCfg = Release|x86
		{04A6ABFF-5103-433C-B2D9-D3CF78945D73}.Release|x64.ActiveCfg = Release|x64
		{04A6ABFF-5103-433C-B2D9-D3CF78945D73}.Release|x64.Build.0 = Release|x64
		{04A6ABFF-5103-433C-B2D9-D3CF78945D73}.Release|x86.ActiveCfg = Release|x86
		{04A6ABFF-5103-433C-B2D9-D3CF78945D73}.Release|x86.Build.0 = Release|x86
	EndGlobalSection
	GlobalSection(SolutionProperties) = preSolution
		HideSolutionNode = FALSE
	EndGlobalSection
	GlobalSection(ExtensibilityGlobals) = postSolution
		SolutionGuid = {63CE1E6E-D310-4C38-A56F-6BB9F16159B2}
	EndGlobalSection
EndGlobal
